
Microsoft Visual Studio Solution File, Format Version 12.00
# Visual Studio Version 16
VisualStudioVersion = 16.0.30011.22
MinimumVisualStudioVersion = 10.0.40219.1
Project("{2150E333-8FDC-42A3-9474-1A3956D46DE8}") = "Solution Items", "Solution Items", "{1C466F3B-7ED0-4C3F-BE82-E1F634549E1F}"
	ProjectSection(SolutionItems) = preProject
		.editorconfig = .editorconfig
	EndProjectSection
EndProject
Project("{9A19103F-16F7-4668-BE54-9A1E7A4F7556}") = "AppTesting", "AppTesting\AppTesting.csproj", "{ACED5CE3-1DBA-465C-80A1-4D13327484F8}"
EndProject
Project("{9A19103F-16F7-4668-BE54-9A1E7A4F7556}") = "Shared", "Shared\Shared.csproj", "{37434AF6-57A4-4517-93CB-6B1C3A74F25F}"
EndProject
Project("{9A19103F-16F7-4668-BE54-9A1E7A4F7556}") = "Backend", "Backend\Backend.csproj", "{58A8D9A2-2D75-4FF4-8494-D31CFFEDD7DD}"
EndProject
Project("{9A19103F-16F7-4668-BE54-9A1E7A4F7556}") = "FrontendConsole", "FrontendConsole\FrontendConsole.csproj", "{5FBE359A-D99E-4F91-9530-EC727D2A4DBE}"
EndProject
Project("{FAE04EC0-301F-11D3-BF4B-00C04F79EFBC}") = "Frontend", "Frontend\Frontend.csproj", "{18361E09-B261-435C-826F-D645D9D6807E}"
EndProject
Project("{FAE04EC0-301F-11D3-BF4B-00C04F79EFBC}") = "DataEncryption", "DataEncryption\DataEncryption.csproj", "{2F6262C7-DDE8-44E5-8FFA-F2FB43B51039}"
EndProject
Global
	GlobalSection(SolutionConfigurationPlatforms) = preSolution
		Debug|Any CPU = Debug|Any CPU
		Debug|ARM = Debug|ARM
		Debug|ARM64 = Debug|ARM64
		Debug|x64 = Debug|x64
		Debug|x86 = Debug|x86
		Release|Any CPU = Release|Any CPU
		Release|ARM = Release|ARM
		Release|ARM64 = Release|ARM64
		Release|x64 = Release|x64
		Release|x86 = Release|x86
	EndGlobalSection
	GlobalSection(ProjectConfigurationPlatforms) = postSolution
		{ACED5CE3-1DBA-465C-80A1-4D13327484F8}.Debug|Any CPU.ActiveCfg = Debug|Any CPU
		{ACED5CE3-1DBA-465C-80A1-4D13327484F8}.Debug|Any CPU.Build.0 = Debug|Any CPU
		{ACED5CE3-1DBA-465C-80A1-4D13327484F8}.Debug|ARM.ActiveCfg = Debug|Any CPU
		{ACED5CE3-1DBA-465C-80A1-4D13327484F8}.Debug|ARM.Build.0 = Debug|Any CPU
		{ACED5CE3-1DBA-465C-80A1-4D13327484F8}.Debug|ARM64.ActiveCfg = Debug|Any CPU
		{ACED5CE3-1DBA-465C-80A1-4D13327484F8}.Debug|ARM64.Build.0 = Debug|Any CPU
		{ACED5CE3-1DBA-465C-80A1-4D13327484F8}.Debug|x64.ActiveCfg = Debug|Any CPU
		{ACED5CE3-1DBA-465C-80A1-4D13327484F8}.Debug|x64.Build.0 = Debug|Any CPU
		{ACED5CE3-1DBA-465C-80A1-4D13327484F8}.Debug|x86.ActiveCfg = Debug|Any CPU
		{ACED5CE3-1DBA-465C-80A1-4D13327484F8}.Debug|x86.Build.0 = Debug|Any CPU
		{ACED5CE3-1DBA-465C-80A1-4D13327484F8}.Release|Any CPU.ActiveCfg = Release|Any CPU
		{ACED5CE3-1DBA-465C-80A1-4D13327484F8}.Release|Any CPU.Build.0 = Release|Any CPU
		{ACED5CE3-1DBA-465C-80A1-4D13327484F8}.Release|ARM.ActiveCfg = Release|Any CPU
		{ACED5CE3-1DBA-465C-80A1-4D13327484F8}.Release|ARM.Build.0 = Release|Any CPU
		{ACED5CE3-1DBA-465C-80A1-4D13327484F8}.Release|ARM64.ActiveCfg = Release|Any CPU
		{ACED5CE3-1DBA-465C-80A1-4D13327484F8}.Release|ARM64.Build.0 = Release|Any CPU
		{ACED5CE3-1DBA-465C-80A1-4D13327484F8}.Release|x64.ActiveCfg = Release|Any CPU
		{ACED5CE3-1DBA-465C-80A1-4D13327484F8}.Release|x64.Build.0 = Release|Any CPU
		{ACED5CE3-1DBA-465C-80A1-4D13327484F8}.Release|x86.ActiveCfg = Release|Any CPU
		{ACED5CE3-1DBA-465C-80A1-4D13327484F8}.Release|x86.Build.0 = Release|Any CPU
		{37434AF6-57A4-4517-93CB-6B1C3A74F25F}.Debug|Any CPU.ActiveCfg = Debug|Any CPU
		{37434AF6-57A4-4517-93CB-6B1C3A74F25F}.Debug|Any CPU.Build.0 = Debug|Any CPU
		{37434AF6-57A4-4517-93CB-6B1C3A74F25F}.Debug|ARM.ActiveCfg = Debug|Any CPU
		{37434AF6-57A4-4517-93CB-6B1C3A74F25F}.Debug|ARM.Build.0 = Debug|Any CPU
		{37434AF6-57A4-4517-93CB-6B1C3A74F25F}.Debug|ARM64.ActiveCfg = Debug|Any CPU
		{37434AF6-57A4-4517-93CB-6B1C3A74F25F}.Debug|ARM64.Build.0 = Debug|Any CPU
		{37434AF6-57A4-4517-93CB-6B1C3A74F25F}.Debug|x64.ActiveCfg = Debug|Any CPU
		{37434AF6-57A4-4517-93CB-6B1C3A74F25F}.Debug|x64.Build.0 = Debug|Any CPU
		{37434AF6-57A4-4517-93CB-6B1C3A74F25F}.Debug|x86.ActiveCfg = Debug|Any CPU
		{37434AF6-57A4-4517-93CB-6B1C3A74F25F}.Debug|x86.Build.0 = Debug|Any CPU
		{37434AF6-57A4-4517-93CB-6B1C3A74F25F}.Release|Any CPU.ActiveCfg = Release|Any CPU
		{37434AF6-57A4-4517-93CB-6B1C3A74F25F}.Release|Any CPU.Build.0 = Release|Any CPU
		{37434AF6-57A4-4517-93CB-6B1C3A74F25F}.Release|ARM.ActiveCfg = Release|Any CPU
		{37434AF6-57A4-4517-93CB-6B1C3A74F25F}.Release|ARM.Build.0 = Release|Any CPU
		{37434AF6-57A4-4517-93CB-6B1C3A74F25F}.Release|ARM64.ActiveCfg = Release|Any CPU
		{37434AF6-57A4-4517-93CB-6B1C3A74F25F}.Release|ARM64.Build.0 = Release|Any CPU
		{37434AF6-57A4-4517-93CB-6B1C3A74F25F}.Release|x64.ActiveCfg = Release|Any CPU
		{37434AF6-57A4-4517-93CB-6B1C3A74F25F}.Release|x64.Build.0 = Release|Any CPU
		{37434AF6-57A4-4517-93CB-6B1C3A74F25F}.Release|x86.ActiveCfg = Release|Any CPU
		{37434AF6-57A4-4517-93CB-6B1C3A74F25F}.Release|x86.Build.0 = Release|Any CPU
		{58A8D9A2-2D75-4FF4-8494-D31CFFEDD7DD}.Debug|Any CPU.ActiveCfg = Debug|Any CPU
		{58A8D9A2-2D75-4FF4-8494-D31CFFEDD7DD}.Debug|Any CPU.Build.0 = Debug|Any CPU
		{58A8D9A2-2D75-4FF4-8494-D31CFFEDD7DD}.Debug|ARM.ActiveCfg = Debug|Any CPU
		{58A8D9A2-2D75-4FF4-8494-D31CFFEDD7DD}.Debug|ARM.Build.0 = Debug|Any CPU
		{58A8D9A2-2D75-4FF4-8494-D31CFFEDD7DD}.Debug|ARM64.ActiveCfg = Debug|Any CPU
		{58A8D9A2-2D75-4FF4-8494-D31CFFEDD7DD}.Debug|ARM64.Build.0 = Debug|Any CPU
		{58A8D9A2-2D75-4FF4-8494-D31CFFEDD7DD}.Debug|x64.ActiveCfg = Debug|Any CPU
		{58A8D9A2-2D75-4FF4-8494-D31CFFEDD7DD}.Debug|x64.Build.0 = Debug|Any CPU
		{58A8D9A2-2D75-4FF4-8494-D31CFFEDD7DD}.Debug|x86.ActiveCfg = Debug|Any CPU
		{58A8D9A2-2D75-4FF4-8494-D31CFFEDD7DD}.Debug|x86.Build.0 = Debug|Any CPU
		{58A8D9A2-2D75-4FF4-8494-D31CFFEDD7DD}.Release|Any CPU.ActiveCfg = Release|Any CPU
		{58A8D9A2-2D75-4FF4-8494-D31CFFEDD7DD}.Release|Any CPU.Build.0 = Release|Any CPU
		{58A8D9A2-2D75-4FF4-8494-D31CFFEDD7DD}.Release|ARM.ActiveCfg = Release|Any CPU
		{58A8D9A2-2D75-4FF4-8494-D31CFFEDD7DD}.Release|ARM.Build.0 = Release|Any CPU
		{58A8D9A2-2D75-4FF4-8494-D31CFFEDD7DD}.Release|ARM64.ActiveCfg = Release|Any CPU
		{58A8D9A2-2D75-4FF4-8494-D31CFFEDD7DD}.Release|ARM64.Build.0 = Release|Any CPU
		{58A8D9A2-2D75-4FF4-8494-D31CFFEDD7DD}.Release|x64.ActiveCfg = Release|Any CPU
		{58A8D9A2-2D75-4FF4-8494-D31CFFEDD7DD}.Release|x64.Build.0 = Release|Any CPU
		{58A8D9A2-2D75-4FF4-8494-D31CFFEDD7DD}.Release|x86.ActiveCfg = Release|Any CPU
		{58A8D9A2-2D75-4FF4-8494-D31CFFEDD7DD}.Release|x86.Build.0 = Release|Any CPU
		{5FBE359A-D99E-4F91-9530-EC727D2A4DBE}.Debug|Any CPU.ActiveCfg = Debug|Any CPU
		{5FBE359A-D99E-4F91-9530-EC727D2A4DBE}.Debug|Any CPU.Build.0 = Debug|Any CPU
		{5FBE359A-D99E-4F91-9530-EC727D2A4DBE}.Debug|ARM.ActiveCfg = Debug|Any CPU
		{5FBE359A-D99E-4F91-9530-EC727D2A4DBE}.Debug|ARM.Build.0 = Debug|Any CPU
		{5FBE359A-D99E-4F91-9530-EC727D2A4DBE}.Debug|ARM64.ActiveCfg = Debug|Any CPU
		{5FBE359A-D99E-4F91-9530-EC727D2A4DBE}.Debug|ARM64.Build.0 = Debug|Any CPU
		{5FBE359A-D99E-4F91-9530-EC727D2A4DBE}.Debug|x64.ActiveCfg = Debug|Any CPU
		{5FBE359A-D99E-4F91-9530-EC727D2A4DBE}.Debug|x64.Build.0 = Debug|Any CPU
		{5FBE359A-D99E-4F91-9530-EC727D2A4DBE}.Debug|x86.ActiveCfg = Debug|Any CPU
		{5FBE359A-D99E-4F91-9530-EC727D2A4DBE}.Debug|x86.Build.0 = Debug|Any CPU
		{5FBE359A-D99E-4F91-9530-EC727D2A4DBE}.Release|Any CPU.ActiveCfg = Release|Any CPU
		{5FBE359A-D99E-4F91-9530-EC727D2A4DBE}.Release|Any CPU.Build.0 = Release|Any CPU
		{5FBE359A-D99E-4F91-9530-EC727D2A4DBE}.Release|ARM.ActiveCfg = Release|Any CPU
		{5FBE359A-D99E-4F91-9530-EC727D2A4DBE}.Release|ARM.Build.0 = Release|Any CPU
		{5FBE359A-D99E-4F91-9530-EC727D2A4DBE}.Release|ARM64.ActiveCfg = Release|Any CPU
		{5FBE359A-D99E-4F91-9530-EC727D2A4DBE}.Release|ARM64.Build.0 = Release|Any CPU
		{5FBE359A-D99E-4F91-9530-EC727D2A4DBE}.Release|x64.ActiveCfg = Release|Any CPU
		{5FBE359A-D99E-4F91-9530-EC727D2A4DBE}.Release|x64.Build.0 = Release|Any CPU
		{5FBE359A-D99E-4F91-9530-EC727D2A4DBE}.Release|x86.ActiveCfg = Release|Any CPU
		{5FBE359A-D99E-4F91-9530-EC727D2A4DBE}.Release|x86.Build.0 = Release|Any CPU
		{18361E09-B261-435C-826F-D645D9D6807E}.Debug|Any CPU.ActiveCfg = Debug|x86
		{18361E09-B261-435C-826F-D645D9D6807E}.Debug|Any CPU.Build.0 = Debug|x86
		{18361E09-B261-435C-826F-D645D9D6807E}.Debug|ARM.ActiveCfg = Debug|x86
		{18361E09-B261-435C-826F-D645D9D6807E}.Debug|ARM64.ActiveCfg = Debug|x86
		{18361E09-B261-435C-826F-D645D9D6807E}.Debug|x64.ActiveCfg = Debug|x86
		{18361E09-B261-435C-826F-D645D9D6807E}.Debug|x86.ActiveCfg = Debug|x86
		{18361E09-B261-435C-826F-D645D9D6807E}.Debug|x86.Build.0 = Debug|x86
		{18361E09-B261-435C-826F-D645D9D6807E}.Release|Any CPU.ActiveCfg = Release|x86
		{18361E09-B261-435C-826F-D645D9D6807E}.Release|Any CPU.Build.0 = Release|x86
		{18361E09-B261-435C-826F-D645D9D6807E}.Release|ARM.ActiveCfg = Release|x86
		{18361E09-B261-435C-826F-D645D9D6807E}.Release|ARM64.ActiveCfg = Release|x86
		{18361E09-B261-435C-826F-D645D9D6807E}.Release|x64.ActiveCfg = Release|x86
		{18361E09-B261-435C-826F-D645D9D6807E}.Release|x86.ActiveCfg = Release|x86
		{18361E09-B261-435C-826F-D645D9D6807E}.Release|x86.Build.0 = Release|x86
		{2F6262C7-DDE8-44E5-8FFA-F2FB43B51039}.Debug|Any CPU.ActiveCfg = Debug|Any CPU
		{2F6262C7-DDE8-44E5-8FFA-F2FB43B51039}.Debug|Any CPU.Build.0 = Debug|Any CPU
		{2F6262C7-DDE8-44E5-8FFA-F2FB43B51039}.Debug|ARM.ActiveCfg = Debug|Any CPU
		{2F6262C7-DDE8-44E5-8FFA-F2FB43B51039}.Debug|ARM.Build.0 = Debug|Any CPU
		{2F6262C7-DDE8-44E5-8FFA-F2FB43B51039}.Debug|ARM64.ActiveCfg = Debug|Any CPU
		{2F6262C7-DDE8-44E5-8FFA-F2FB43B51039}.Debug|ARM64.Build.0 = Debug|Any CPU
		{2F6262C7-DDE8-44E5-8FFA-F2FB43B51039}.Debug|x64.ActiveCfg = Debug|Any CPU
		{2F6262C7-DDE8-44E5-8FFA-F2FB43B51039}.Debug|x64.Build.0 = Debug|Any CPU
		{2F6262C7-DDE8-44E5-8FFA-F2FB43B51039}.Debug|x86.ActiveCfg = Debug|Any CPU
		{2F6262C7-DDE8-44E5-8FFA-F2FB43B51039}.Debug|x86.Build.0 = Debug|Any CPU
		{2F6262C7-DDE8-44E5-8FFA-F2FB43B51039}.Release|Any CPU.ActiveCfg = Release|Any CPU
		{2F6262C7-DDE8-44E5-8FFA-F2FB43B51039}.Release|Any CPU.Build.0 = Release|Any CPU
		{2F6262C7-DDE8-44E5-8FFA-F2FB43B51039}.Release|ARM.ActiveCfg = Release|Any CPU
		{2F6262C7-DDE8-44E5-8FFA-F2FB43B51039}.Release|ARM.Build.0 = Release|Any CPU
		{2F6262C7-DDE8-44E5-8FFA-F2FB43B51039}.Release|ARM64.ActiveCfg = Release|Any CPU
		{2F6262C7-DDE8-44E5-8FFA-F2FB43B51039}.Release|ARM64.Build.0 = Release|Any CPU
		{2F6262C7-DDE8-44E5-8FFA-F2FB43B51039}.Release|x64.ActiveCfg = Release|Any CPU
		{2F6262C7-DDE8-44E5-8FFA-F2FB43B51039}.Release|x64.Build.0 = Release|Any CPU
		{2F6262C7-DDE8-44E5-8FFA-F2FB43B51039}.Release|x86.ActiveCfg = Release|Any CPU
		{2F6262C7-DDE8-44E5-8FFA-F2FB43B51039}.Release|x86.Build.0 = Release|Any CPU
	EndGlobalSection
	GlobalSection(SolutionProperties) = preSolution
		HideSolutionNode = FALSE
	EndGlobalSection
	GlobalSection(ExtensibilityGlobals) = postSolution
		SolutionGuid = {97A566C3-1EC0-4FF6-8B73-459392AB3158}
	EndGlobalSection
EndGlobal
